
Microsoft Visual Studio Solution File, Format Version 12.00
# Visual Studio Version 17
VisualStudioVersion = 17.8.34309.116
MinimumVisualStudioVersion = 10.0.40219.1
Project("{2150E333-8FDC-42A3-9474-1A3956D46DE8}") = "EFCore", "EFCore", "{C23BD19E-C05D-4AB5-9AA3-23D716D39A56}"
EndProject
Project("{2150E333-8FDC-42A3-9474-1A3956D46DE8}") = "ChangingConnectionString", "ChangingConnectionString", "{B17D1DC3-143D-41B2-8FCD-09DE110B133C}"
EndProject
Project("{9A19103F-16F7-4668-BE54-9A1E7A4F7556}") = "ChangingConnectionString", "ChangingConnectionString\ChangingConnectionString.csproj", "{323AE541-F815-43C2-A251-08552CA735F0}"
EndProject
Project("{9A19103F-16F7-4668-BE54-9A1E7A4F7556}") = "CaptchaBuilder", "CaptchaBuilder\CaptchaBuilder.csproj", "{F7ED5F9F-9F48-4A32-9530-C646FB239DFC}"
EndProject
Project("{2150E333-8FDC-42A3-9474-1A3956D46DE8}") = "DesignPattern", "DesignPattern", "{C3ECAD17-6E5A-4D9C-92C7-511F5A078D19}"
EndProject
Project("{2150E333-8FDC-42A3-9474-1A3956D46DE8}") = "Builder", "Builder", "{21168C57-5A97-43D9-91FA-4E4F4E49BD8E}"
EndProject
Project("{2150E333-8FDC-42A3-9474-1A3956D46DE8}") = "AddvsAddAsync", "AddvsAddAsync", "{BE3D516C-506B-47EB-9380-85090123E844}"
EndProject
Project("{9A19103F-16F7-4668-BE54-9A1E7A4F7556}") = "AddAsyncVsAdd", "AddAsyncVsAdd\AddAsyncVsAdd.csproj", "{0E6B32E1-1B1D-49EC-BEF4-2AD6E3D045DE}"
EndProject
Project("{2150E333-8FDC-42A3-9474-1A3956D46DE8}") = "dotnet", "dotnet", "{4BE4B82D-420B-4E18-8803-B49CB969D875}"
EndProject
Project("{9A19103F-16F7-4668-BE54-9A1E7A4F7556}") = "SynchronizationContext", "SynchronizationContext\SynchronizationContext.csproj", "{75C7B50E-7DFD-4CDC-948E-1D1BDD179264}"
EndProject
Project("{9A19103F-16F7-4668-BE54-9A1E7A4F7556}") = "CSharp12Features", "CSharp12Features\CSharp12Features.csproj", "{9D193A51-7BD9-4D02-A8D6-9227FEA394F9}"
EndProject
Project("{2150E333-8FDC-42A3-9474-1A3956D46DE8}") = "Principles", "Principles", "{BEA88CF1-3CF1-480F-85DE-41757978E672}"
EndProject
Project("{9A19103F-16F7-4668-BE54-9A1E7A4F7556}") = "Soc", "Soc\Soc.csproj", "{E7805EEF-50C1-4EBB-8223-F982251BB148}"
EndProject
Project("{9A19103F-16F7-4668-BE54-9A1E7A4F7556}") = "KeyServices", "KeyServices\KeyServices.csproj", "{BB613F79-7695-4388-BAF9-C78E292C0B50}"
EndProject
Project("{2150E333-8FDC-42A3-9474-1A3956D46DE8}") = "Uow_Repository", "Uow_Repository", "{93F97916-8CC8-470A-A36C-74992EA4C1DF}"
EndProject
Project("{9A19103F-16F7-4668-BE54-9A1E7A4F7556}") = "Domain", "Domain\Domain.csproj", "{17F37256-B87D-44DA-826E-04E2D9180215}"
EndProject
Project("{9A19103F-16F7-4668-BE54-9A1E7A4F7556}") = "Application", "Application\Application.csproj", "{FCC04CA6-EE9D-4594-B97E-E3F3D64C9DA5}"
EndProject
Project("{9A19103F-16F7-4668-BE54-9A1E7A4F7556}") = "Infrastructure", "Infrastructure\Infrastructure.csproj", "{05125064-B71B-40FA-90C8-2EF71A3544B1}"
EndProject
Project("{9A19103F-16F7-4668-BE54-9A1E7A4F7556}") = "Presentation", "Presentation\Presentation.csproj", "{CDACEAD4-C9C0-4730-966C-09425D33FC54}"
EndProject
Project("{2150E333-8FDC-42A3-9474-1A3956D46DE8}") = "WithOut", "WithOut", "{DCC6A38E-CF54-4BEA-8C6D-0985A7534A9F}"
EndProject
Project("{2150E333-8FDC-42A3-9474-1A3956D46DE8}") = "WithIn", "WithIn", "{9BCFDD60-1EAF-43B8-89EC-C9B07CAE8774}"
EndProject
Project("{9A19103F-16F7-4668-BE54-9A1E7A4F7556}") = "WithIn.Domain", "WithIn.Domain\WithIn.Domain.csproj", "{C1CA039E-4A94-46FE-AD61-0B0357C3FCA6}"
EndProject
Project("{9A19103F-16F7-4668-BE54-9A1E7A4F7556}") = "WithIn.Application", "WithIn.Application\WithIn.Application.csproj", "{598E86F5-740C-44B2-9211-6010A3347D3C}"
EndProject
Project("{9A19103F-16F7-4668-BE54-9A1E7A4F7556}") = "WithIn.Infrastructure", "WithIn.Infrastructure\WithIn.Infrastructure.csproj", "{1CBE7706-A6DE-432B-A5A4-5BC81B4792DA}"
EndProject
Project("{9A19103F-16F7-4668-BE54-9A1E7A4F7556}") = "WithIn.Presentation", "WithIn.Presentation\WithIn.Presentation.csproj", "{B7790F2E-E333-45BD-AE03-EF383648DBF0}"
EndProject
Project("{9A19103F-16F7-4668-BE54-9A1E7A4F7556}") = "ObjPooling", "ObjPooling\ObjPooling.csproj", "{0AC066AF-188D-4858-BF66-5BE97CD5FA51}"
EndProject
Project("{2150E333-8FDC-42A3-9474-1A3956D46DE8}") = "IQueryable", "IQueryable", "{21ED3783-B720-4E60-8233-BEFDCF069D85}"
EndProject
Project("{9A19103F-16F7-4668-BE54-9A1E7A4F7556}") = "QueryProviderExample", "QueryProviderExample\QueryProviderExample.csproj", "{381EF6B5-22E3-4648-926A-D42EBFC804CC}"
EndProject
Project("{9A19103F-16F7-4668-BE54-9A1E7A4F7556}") = "TypesOfCoupling", "TypesOfCoupling\TypesOfCoupling.csproj", "{B7827C1E-E343-46D0-8375-DE2451BB7EB7}"
EndProject
Project("{9A19103F-16F7-4668-BE54-9A1E7A4F7556}") = "TypesOfCohesion", "TypesOfCohesion\TypesOfCohesion.csproj", "{02250309-65A7-4045-9A5D-1263D5992EA0}"
EndProject
Project("{2150E333-8FDC-42A3-9474-1A3956D46DE8}") = "Architecture", "Architecture", "{8FD1FD61-8915-4BCD-A240-2383AB1F9E32}"
EndProject
Project("{9A19103F-16F7-4668-BE54-9A1E7A4F7556}") = "NoArchitecture", "NoArchitecture\NoArchitecture.csproj", "{79D1B02D-A515-4AC9-BB35-13FA7FDC7D55}"
EndProject
Project("{2150E333-8FDC-42A3-9474-1A3956D46DE8}") = "NoArch", "NoArch", "{E0547192-04EB-4585-9AA3-C8285BDE9E24}"
EndProject
Project("{2150E333-8FDC-42A3-9474-1A3956D46DE8}") = "NLayer", "NLayer", "{061E1B95-3BC2-4DCA-ACC1-F20F697227BC}"
EndProject
Project("{9A19103F-16F7-4668-BE54-9A1E7A4F7556}") = "NLayer.Api", "NLayer.Api\NLayer.Api.csproj", "{5A1D6388-2BBA-43E4-AD6E-E58FA77D6889}"
EndProject
Project("{9A19103F-16F7-4668-BE54-9A1E7A4F7556}") = "NLayer.DataAccess", "NLayer.DataAccess\NLayer.DataAccess.csproj", "{1C45D747-2562-4068-AC90-27401F0B513C}"
EndProject
Project("{9A19103F-16F7-4668-BE54-9A1E7A4F7556}") = "NLayer.Application", "NLayer.Application\NLayer.Application.csproj", "{9AD1AF18-CEB2-40BD-9E0B-5F6D4700AEBB}"
EndProject
Project("{2150E333-8FDC-42A3-9474-1A3956D46DE8}") = "Hexagonal", "Hexagonal", "{8F2DB51C-DF2B-4E3D-BB15-FA5F0E97220F}"
EndProject
Project("{9A19103F-16F7-4668-BE54-9A1E7A4F7556}") = "Hexagonal.DataAccess", "Hexagonal.DataAccess\Hexagonal.DataAccess.csproj", "{1342DDDF-A94F-4038-ACAD-188A70C346EA}"
EndProject
Project("{9A19103F-16F7-4668-BE54-9A1E7A4F7556}") = "Hexagonal.Application", "Hexagonal.Application\Hexagonal.Application.csproj", "{E615572A-4614-4C40-95CE-D08ED9775516}"
EndProject
Project("{9A19103F-16F7-4668-BE54-9A1E7A4F7556}") = "Hexagonal.API", "Hexagonal.API\Hexagonal.API.csproj", "{3BB21CD0-B3FB-47DB-8DA7-236007C80B30}"
EndProject
Project("{2150E333-8FDC-42A3-9474-1A3956D46DE8}") = "Onion", "Onion", "{EECDDC55-8313-40F5-AACE-2E583674CE3E}"
EndProject
Project("{9A19103F-16F7-4668-BE54-9A1E7A4F7556}") = "Onion.Services", "Onion.Services\Onion.Services.csproj", "{C539D34D-F31F-49BC-897D-F3CA38A567AC}"
EndProject
Project("{9A19103F-16F7-4668-BE54-9A1E7A4F7556}") = "Onion.Domain", "Onion.Domain\Onion.Domain.csproj", "{1CBE29C5-8F90-4F58-B09C-BFD686A3FA44}"
EndProject
Project("{9A19103F-16F7-4668-BE54-9A1E7A4F7556}") = "Onion.Infrastructure", "Onion.Infrastructure\Onion.Infrastructure.csproj", "{44A9283F-B250-400C-92B1-DE1551BD2B36}"
EndProject
Project("{9A19103F-16F7-4668-BE54-9A1E7A4F7556}") = "Onion.Presentation", "Onion.Presentation\Onion.Presentation.csproj", "{FA63C87D-810D-4295-B401-EE726CDFBAD1}"
EndProject
Project("{2150E333-8FDC-42A3-9474-1A3956D46DE8}") = "Core", "Core", "{D56B6913-BCCC-4670-BB4A-EFE64D3A7299}"
EndProject
Project("{2150E333-8FDC-42A3-9474-1A3956D46DE8}") = "Clean", "Clean", "{CEF84BB3-3AA7-4409-9407-BAB093CE6387}"
EndProject
Project("{2150E333-8FDC-42A3-9474-1A3956D46DE8}") = "Core", "Core", "{0B85DB06-EF83-424D-9C23-3849F4D639FA}"
EndProject
Project("{9A19103F-16F7-4668-BE54-9A1E7A4F7556}") = "Clean.Domain", "Clean.Domain\Clean.Domain.csproj", "{A2A16F69-35C6-495A-A877-0C0E0334F50F}"
EndProject
Project("{9A19103F-16F7-4668-BE54-9A1E7A4F7556}") = "Clean.Application", "Clean.Application\Clean.Application.csproj", "{3B36BF3C-65D7-4DF3-AE11-2677380EECE1}"
EndProject
Project("{9A19103F-16F7-4668-BE54-9A1E7A4F7556}") = "Clean.Presentation", "Clean.Presentation\Clean.Presentation.csproj", "{55258DDD-D5DC-467D-AE7A-E5BB18BC261C}"
EndProject
Project("{2150E333-8FDC-42A3-9474-1A3956D46DE8}") = "src", "src", "{D7908595-B848-480D-8BF5-25E5618214B7}"
EndProject
Project("{FAE04EC0-301F-11D3-BF4B-00C04F79EFBC}") = "DependencyPrinciples", "DependencyPrinciples\DependencyPrinciples.csproj", "{D340F873-6D29-44F2-BFC5-614A22017C5B}"
EndProject
Project("{2150E333-8FDC-42A3-9474-1A3956D46DE8}") = "Facade", "Facade", "{688D6ACB-8869-4A7E-956B-53A1C0655075}"
EndProject
Project("{FAE04EC0-301F-11D3-BF4B-00C04F79EFBC}") = "FacadePattern", "FacadePattern\FacadePattern.csproj", "{72E935FF-7DD5-4B23-963C-4D893D777468}"
EndProject
Global
	GlobalSection(SolutionConfigurationPlatforms) = preSolution
		Debug|Any CPU = Debug|Any CPU
		Release|Any CPU = Release|Any CPU
	EndGlobalSection
	GlobalSection(ProjectConfigurationPlatforms) = postSolution
		{323AE541-F815-43C2-A251-08552CA735F0}.Debug|Any CPU.ActiveCfg = Debug|Any CPU
		{323AE541-F815-43C2-A251-08552CA735F0}.Debug|Any CPU.Build.0 = Debug|Any CPU
		{323AE541-F815-43C2-A251-08552CA735F0}.Release|Any CPU.ActiveCfg = Release|Any CPU
		{323AE541-F815-43C2-A251-08552CA735F0}.Release|Any CPU.Build.0 = Release|Any CPU
		{F7ED5F9F-9F48-4A32-9530-C646FB239DFC}.Debug|Any CPU.ActiveCfg = Debug|Any CPU
		{F7ED5F9F-9F48-4A32-9530-C646FB239DFC}.Debug|Any CPU.Build.0 = Debug|Any CPU
		{F7ED5F9F-9F48-4A32-9530-C646FB239DFC}.Release|Any CPU.ActiveCfg = Release|Any CPU
		{F7ED5F9F-9F48-4A32-9530-C646FB239DFC}.Release|Any CPU.Build.0 = Release|Any CPU
		{0E6B32E1-1B1D-49EC-BEF4-2AD6E3D045DE}.Debug|Any CPU.ActiveCfg = Debug|Any CPU
		{0E6B32E1-1B1D-49EC-BEF4-2AD6E3D045DE}.Debug|Any CPU.Build.0 = Debug|Any CPU
		{0E6B32E1-1B1D-49EC-BEF4-2AD6E3D045DE}.Release|Any CPU.ActiveCfg = Release|Any CPU
		{0E6B32E1-1B1D-49EC-BEF4-2AD6E3D045DE}.Release|Any CPU.Build.0 = Release|Any CPU
		{75C7B50E-7DFD-4CDC-948E-1D1BDD179264}.Debug|Any CPU.ActiveCfg = Debug|Any CPU
		{75C7B50E-7DFD-4CDC-948E-1D1BDD179264}.Debug|Any CPU.Build.0 = Debug|Any CPU
		{75C7B50E-7DFD-4CDC-948E-1D1BDD179264}.Release|Any CPU.ActiveCfg = Release|Any CPU
		{75C7B50E-7DFD-4CDC-948E-1D1BDD179264}.Release|Any CPU.Build.0 = Release|Any CPU
		{9D193A51-7BD9-4D02-A8D6-9227FEA394F9}.Debug|Any CPU.ActiveCfg = Debug|Any CPU
		{9D193A51-7BD9-4D02-A8D6-9227FEA394F9}.Debug|Any CPU.Build.0 = Debug|Any CPU
		{9D193A51-7BD9-4D02-A8D6-9227FEA394F9}.Release|Any CPU.ActiveCfg = Release|Any CPU
		{9D193A51-7BD9-4D02-A8D6-9227FEA394F9}.Release|Any CPU.Build.0 = Release|Any CPU
		{E7805EEF-50C1-4EBB-8223-F982251BB148}.Debug|Any CPU.ActiveCfg = Debug|Any CPU
		{E7805EEF-50C1-4EBB-8223-F982251BB148}.Debug|Any CPU.Build.0 = Debug|Any CPU
		{E7805EEF-50C1-4EBB-8223-F982251BB148}.Release|Any CPU.ActiveCfg = Release|Any CPU
		{E7805EEF-50C1-4EBB-8223-F982251BB148}.Release|Any CPU.Build.0 = Release|Any CPU
		{BB613F79-7695-4388-BAF9-C78E292C0B50}.Debug|Any CPU.ActiveCfg = Debug|Any CPU
		{BB613F79-7695-4388-BAF9-C78E292C0B50}.Debug|Any CPU.Build.0 = Debug|Any CPU
		{BB613F79-7695-4388-BAF9-C78E292C0B50}.Release|Any CPU.ActiveCfg = Release|Any CPU
		{BB613F79-7695-4388-BAF9-C78E292C0B50}.Release|Any CPU.Build.0 = Release|Any CPU
		{17F37256-B87D-44DA-826E-04E2D9180215}.Debug|Any CPU.ActiveCfg = Debug|Any CPU
		{17F37256-B87D-44DA-826E-04E2D9180215}.Debug|Any CPU.Build.0 = Debug|Any CPU
		{17F37256-B87D-44DA-826E-04E2D9180215}.Release|Any CPU.ActiveCfg = Release|Any CPU
		{17F37256-B87D-44DA-826E-04E2D9180215}.Release|Any CPU.Build.0 = Release|Any CPU
		{FCC04CA6-EE9D-4594-B97E-E3F3D64C9DA5}.Debug|Any CPU.ActiveCfg = Debug|Any CPU
		{FCC04CA6-EE9D-4594-B97E-E3F3D64C9DA5}.Debug|Any CPU.Build.0 = Debug|Any CPU
		{FCC04CA6-EE9D-4594-B97E-E3F3D64C9DA5}.Release|Any CPU.ActiveCfg = Release|Any CPU
		{FCC04CA6-EE9D-4594-B97E-E3F3D64C9DA5}.Release|Any CPU.Build.0 = Release|Any CPU
		{05125064-B71B-40FA-90C8-2EF71A3544B1}.Debug|Any CPU.ActiveCfg = Debug|Any CPU
		{05125064-B71B-40FA-90C8-2EF71A3544B1}.Debug|Any CPU.Build.0 = Debug|Any CPU
		{05125064-B71B-40FA-90C8-2EF71A3544B1}.Release|Any CPU.ActiveCfg = Release|Any CPU
		{05125064-B71B-40FA-90C8-2EF71A3544B1}.Release|Any CPU.Build.0 = Release|Any CPU
		{CDACEAD4-C9C0-4730-966C-09425D33FC54}.Debug|Any CPU.ActiveCfg = Debug|Any CPU
		{CDACEAD4-C9C0-4730-966C-09425D33FC54}.Debug|Any CPU.Build.0 = Debug|Any CPU
		{CDACEAD4-C9C0-4730-966C-09425D33FC54}.Release|Any CPU.ActiveCfg = Release|Any CPU
		{CDACEAD4-C9C0-4730-966C-09425D33FC54}.Release|Any CPU.Build.0 = Release|Any CPU
		{C1CA039E-4A94-46FE-AD61-0B0357C3FCA6}.Debug|Any CPU.ActiveCfg = Debug|Any CPU
		{C1CA039E-4A94-46FE-AD61-0B0357C3FCA6}.Debug|Any CPU.Build.0 = Debug|Any CPU
		{C1CA039E-4A94-46FE-AD61-0B0357C3FCA6}.Release|Any CPU.ActiveCfg = Release|Any CPU
		{C1CA039E-4A94-46FE-AD61-0B0357C3FCA6}.Release|Any CPU.Build.0 = Release|Any CPU
		{598E86F5-740C-44B2-9211-6010A3347D3C}.Debug|Any CPU.ActiveCfg = Debug|Any CPU
		{598E86F5-740C-44B2-9211-6010A3347D3C}.Debug|Any CPU.Build.0 = Debug|Any CPU
		{598E86F5-740C-44B2-9211-6010A3347D3C}.Release|Any CPU.ActiveCfg = Release|Any CPU
		{598E86F5-740C-44B2-9211-6010A3347D3C}.Release|Any CPU.Build.0 = Release|Any CPU
		{1CBE7706-A6DE-432B-A5A4-5BC81B4792DA}.Debug|Any CPU.ActiveCfg = Debug|Any CPU
		{1CBE7706-A6DE-432B-A5A4-5BC81B4792DA}.Debug|Any CPU.Build.0 = Debug|Any CPU
		{1CBE7706-A6DE-432B-A5A4-5BC81B4792DA}.Release|Any CPU.ActiveCfg = Release|Any CPU
		{1CBE7706-A6DE-432B-A5A4-5BC81B4792DA}.Release|Any CPU.Build.0 = Release|Any CPU
		{B7790F2E-E333-45BD-AE03-EF383648DBF0}.Debug|Any CPU.ActiveCfg = Debug|Any CPU
		{B7790F2E-E333-45BD-AE03-EF383648DBF0}.Debug|Any CPU.Build.0 = Debug|Any CPU
		{B7790F2E-E333-45BD-AE03-EF383648DBF0}.Release|Any CPU.ActiveCfg = Release|Any CPU
		{B7790F2E-E333-45BD-AE03-EF383648DBF0}.Release|Any CPU.Build.0 = Release|Any CPU
		{0AC066AF-188D-4858-BF66-5BE97CD5FA51}.Debug|Any CPU.ActiveCfg = Debug|Any CPU
		{0AC066AF-188D-4858-BF66-5BE97CD5FA51}.Debug|Any CPU.Build.0 = Debug|Any CPU
		{0AC066AF-188D-4858-BF66-5BE97CD5FA51}.Release|Any CPU.ActiveCfg = Release|Any CPU
		{0AC066AF-188D-4858-BF66-5BE97CD5FA51}.Release|Any CPU.Build.0 = Release|Any CPU
		{381EF6B5-22E3-4648-926A-D42EBFC804CC}.Debug|Any CPU.ActiveCfg = Debug|Any CPU
		{381EF6B5-22E3-4648-926A-D42EBFC804CC}.Debug|Any CPU.Build.0 = Debug|Any CPU
		{381EF6B5-22E3-4648-926A-D42EBFC804CC}.Release|Any CPU.ActiveCfg = Release|Any CPU
		{381EF6B5-22E3-4648-926A-D42EBFC804CC}.Release|Any CPU.Build.0 = Release|Any CPU
		{B7827C1E-E343-46D0-8375-DE2451BB7EB7}.Debug|Any CPU.ActiveCfg = Debug|Any CPU
		{B7827C1E-E343-46D0-8375-DE2451BB7EB7}.Debug|Any CPU.Build.0 = Debug|Any CPU
		{B7827C1E-E343-46D0-8375-DE2451BB7EB7}.Release|Any CPU.ActiveCfg = Release|Any CPU
		{B7827C1E-E343-46D0-8375-DE2451BB7EB7}.Release|Any CPU.Build.0 = Release|Any CPU
		{02250309-65A7-4045-9A5D-1263D5992EA0}.Debug|Any CPU.ActiveCfg = Debug|Any CPU
		{02250309-65A7-4045-9A5D-1263D5992EA0}.Debug|Any CPU.Build.0 = Debug|Any CPU
		{02250309-65A7-4045-9A5D-1263D5992EA0}.Release|Any CPU.ActiveCfg = Release|Any CPU
		{02250309-65A7-4045-9A5D-1263D5992EA0}.Release|Any CPU.Build.0 = Release|Any CPU
		{79D1B02D-A515-4AC9-BB35-13FA7FDC7D55}.Debug|Any CPU.ActiveCfg = Debug|Any CPU
		{79D1B02D-A515-4AC9-BB35-13FA7FDC7D55}.Debug|Any CPU.Build.0 = Debug|Any CPU
		{79D1B02D-A515-4AC9-BB35-13FA7FDC7D55}.Release|Any CPU.ActiveCfg = Release|Any CPU
		{79D1B02D-A515-4AC9-BB35-13FA7FDC7D55}.Release|Any CPU.Build.0 = Release|Any CPU
		{5A1D6388-2BBA-43E4-AD6E-E58FA77D6889}.Debug|Any CPU.ActiveCfg = Debug|Any CPU
		{5A1D6388-2BBA-43E4-AD6E-E58FA77D6889}.Debug|Any CPU.Build.0 = Debug|Any CPU
		{5A1D6388-2BBA-43E4-AD6E-E58FA77D6889}.Release|Any CPU.ActiveCfg = Release|Any CPU
		{5A1D6388-2BBA-43E4-AD6E-E58FA77D6889}.Release|Any CPU.Build.0 = Release|Any CPU
		{1C45D747-2562-4068-AC90-27401F0B513C}.Debug|Any CPU.ActiveCfg = Debug|Any CPU
		{1C45D747-2562-4068-AC90-27401F0B513C}.Debug|Any CPU.Build.0 = Debug|Any CPU
		{1C45D747-2562-4068-AC90-27401F0B513C}.Release|Any CPU.ActiveCfg = Release|Any CPU
		{1C45D747-2562-4068-AC90-27401F0B513C}.Release|Any CPU.Build.0 = Release|Any CPU
		{9AD1AF18-CEB2-40BD-9E0B-5F6D4700AEBB}.Debug|Any CPU.ActiveCfg = Debug|Any CPU
		{9AD1AF18-CEB2-40BD-9E0B-5F6D4700AEBB}.Debug|Any CPU.Build.0 = Debug|Any CPU
		{9AD1AF18-CEB2-40BD-9E0B-5F6D4700AEBB}.Release|Any CPU.ActiveCfg = Release|Any CPU
		{9AD1AF18-CEB2-40BD-9E0B-5F6D4700AEBB}.Release|Any CPU.Build.0 = Release|Any CPU
		{1342DDDF-A94F-4038-ACAD-188A70C346EA}.Debug|Any CPU.ActiveCfg = Debug|Any CPU
		{1342DDDF-A94F-4038-ACAD-188A70C346EA}.Debug|Any CPU.Build.0 = Debug|Any CPU
		{1342DDDF-A94F-4038-ACAD-188A70C346EA}.Release|Any CPU.ActiveCfg = Release|Any CPU
		{1342DDDF-A94F-4038-ACAD-188A70C346EA}.Release|Any CPU.Build.0 = Release|Any CPU
		{E615572A-4614-4C40-95CE-D08ED9775516}.Debug|Any CPU.ActiveCfg = Debug|Any CPU
		{E615572A-4614-4C40-95CE-D08ED9775516}.Debug|Any CPU.Build.0 = Debug|Any CPU
		{E615572A-4614-4C40-95CE-D08ED9775516}.Release|Any CPU.ActiveCfg = Release|Any CPU
		{E615572A-4614-4C40-95CE-D08ED9775516}.Release|Any CPU.Build.0 = Release|Any CPU
		{3BB21CD0-B3FB-47DB-8DA7-236007C80B30}.Debug|Any CPU.ActiveCfg = Debug|Any CPU
		{3BB21CD0-B3FB-47DB-8DA7-236007C80B30}.Debug|Any CPU.Build.0 = Debug|Any CPU
		{3BB21CD0-B3FB-47DB-8DA7-236007C80B30}.Release|Any CPU.ActiveCfg = Release|Any CPU
		{3BB21CD0-B3FB-47DB-8DA7-236007C80B30}.Release|Any CPU.Build.0 = Release|Any CPU
		{C539D34D-F31F-49BC-897D-F3CA38A567AC}.Debug|Any CPU.ActiveCfg = Debug|Any CPU
		{C539D34D-F31F-49BC-897D-F3CA38A567AC}.Debug|Any CPU.Build.0 = Debug|Any CPU
		{C539D34D-F31F-49BC-897D-F3CA38A567AC}.Release|Any CPU.ActiveCfg = Release|Any CPU
		{C539D34D-F31F-49BC-897D-F3CA38A567AC}.Release|Any CPU.Build.0 = Release|Any CPU
		{1CBE29C5-8F90-4F58-B09C-BFD686A3FA44}.Debug|Any CPU.ActiveCfg = Debug|Any CPU
		{1CBE29C5-8F90-4F58-B09C-BFD686A3FA44}.Debug|Any CPU.Build.0 = Debug|Any CPU
		{1CBE29C5-8F90-4F58-B09C-BFD686A3FA44}.Release|Any CPU.ActiveCfg = Release|Any CPU
		{1CBE29C5-8F90-4F58-B09C-BFD686A3FA44}.Release|Any CPU.Build.0 = Release|Any CPU
		{44A9283F-B250-400C-92B1-DE1551BD2B36}.Debug|Any CPU.ActiveCfg = Debug|Any CPU
		{44A9283F-B250-400C-92B1-DE1551BD2B36}.Debug|Any CPU.Build.0 = Debug|Any CPU
		{44A9283F-B250-400C-92B1-DE1551BD2B36}.Release|Any CPU.ActiveCfg = Release|Any CPU
		{44A9283F-B250-400C-92B1-DE1551BD2B36}.Release|Any CPU.Build.0 = Release|Any CPU
		{FA63C87D-810D-4295-B401-EE726CDFBAD1}.Debug|Any CPU.ActiveCfg = Debug|Any CPU
		{FA63C87D-810D-4295-B401-EE726CDFBAD1}.Debug|Any CPU.Build.0 = Debug|Any CPU
		{FA63C87D-810D-4295-B401-EE726CDFBAD1}.Release|Any CPU.ActiveCfg = Release|Any CPU
		{FA63C87D-810D-4295-B401-EE726CDFBAD1}.Release|Any CPU.Build.0 = Release|Any CPU
		{A2A16F69-35C6-495A-A877-0C0E0334F50F}.Debug|Any CPU.ActiveCfg = Debug|Any CPU
		{A2A16F69-35C6-495A-A877-0C0E0334F50F}.Debug|Any CPU.Build.0 = Debug|Any CPU
		{A2A16F69-35C6-495A-A877-0C0E0334F50F}.Release|Any CPU.ActiveCfg = Release|Any CPU
		{A2A16F69-35C6-495A-A877-0C0E0334F50F}.Release|Any CPU.Build.0 = Release|Any CPU
		{3B36BF3C-65D7-4DF3-AE11-2677380EECE1}.Debug|Any CPU.ActiveCfg = Debug|Any CPU
		{3B36BF3C-65D7-4DF3-AE11-2677380EECE1}.Debug|Any CPU.Build.0 = Debug|Any CPU
		{3B36BF3C-65D7-4DF3-AE11-2677380EECE1}.Release|Any CPU.ActiveCfg = Release|Any CPU
		{3B36BF3C-65D7-4DF3-AE11-2677380EECE1}.Release|Any CPU.Build.0 = Release|Any CPU
		{55258DDD-D5DC-467D-AE7A-E5BB18BC261C}.Debug|Any CPU.ActiveCfg = Debug|Any CPU
		{55258DDD-D5DC-467D-AE7A-E5BB18BC261C}.Debug|Any CPU.Build.0 = Debug|Any CPU
		{55258DDD-D5DC-467D-AE7A-E5BB18BC261C}.Release|Any CPU.ActiveCfg = Release|Any CPU
		{55258DDD-D5DC-467D-AE7A-E5BB18BC261C}.Release|Any CPU.Build.0 = Release|Any CPU
		{D340F873-6D29-44F2-BFC5-614A22017C5B}.Debug|Any CPU.ActiveCfg = Debug|Any CPU
		{D340F873-6D29-44F2-BFC5-614A22017C5B}.Debug|Any CPU.Build.0 = Debug|Any CPU
		{D340F873-6D29-44F2-BFC5-614A22017C5B}.Release|Any CPU.ActiveCfg = Release|Any CPU
		{D340F873-6D29-44F2-BFC5-614A22017C5B}.Release|Any CPU.Build.0 = Release|Any CPU
		{72E935FF-7DD5-4B23-963C-4D893D777468}.Debug|Any CPU.ActiveCfg = Debug|Any CPU
		{72E935FF-7DD5-4B23-963C-4D893D777468}.Debug|Any CPU.Build.0 = Debug|Any CPU
		{72E935FF-7DD5-4B23-963C-4D893D777468}.Release|Any CPU.ActiveCfg = Release|Any CPU
		{72E935FF-7DD5-4B23-963C-4D893D777468}.Release|Any CPU.Build.0 = Release|Any CPU
	EndGlobalSection
	GlobalSection(SolutionProperties) = preSolution
		HideSolutionNode = FALSE
	EndGlobalSection
	GlobalSection(NestedProjects) = preSolution
		{B17D1DC3-143D-41B2-8FCD-09DE110B133C} = {C23BD19E-C05D-4AB5-9AA3-23D716D39A56}
		{323AE541-F815-43C2-A251-08552CA735F0} = {B17D1DC3-143D-41B2-8FCD-09DE110B133C}
		{F7ED5F9F-9F48-4A32-9530-C646FB239DFC} = {21168C57-5A97-43D9-91FA-4E4F4E49BD8E}
		{21168C57-5A97-43D9-91FA-4E4F4E49BD8E} = {C3ECAD17-6E5A-4D9C-92C7-511F5A078D19}
		{BE3D516C-506B-47EB-9380-85090123E844} = {C23BD19E-C05D-4AB5-9AA3-23D716D39A56}
		{0E6B32E1-1B1D-49EC-BEF4-2AD6E3D045DE} = {BE3D516C-506B-47EB-9380-85090123E844}
		{75C7B50E-7DFD-4CDC-948E-1D1BDD179264} = {4BE4B82D-420B-4E18-8803-B49CB969D875}
		{9D193A51-7BD9-4D02-A8D6-9227FEA394F9} = {4BE4B82D-420B-4E18-8803-B49CB969D875}
		{E7805EEF-50C1-4EBB-8223-F982251BB148} = {BEA88CF1-3CF1-480F-85DE-41757978E672}
		{BB613F79-7695-4388-BAF9-C78E292C0B50} = {4BE4B82D-420B-4E18-8803-B49CB969D875}
		{93F97916-8CC8-470A-A36C-74992EA4C1DF} = {C23BD19E-C05D-4AB5-9AA3-23D716D39A56}
		{17F37256-B87D-44DA-826E-04E2D9180215} = {DCC6A38E-CF54-4BEA-8C6D-0985A7534A9F}
		{FCC04CA6-EE9D-4594-B97E-E3F3D64C9DA5} = {DCC6A38E-CF54-4BEA-8C6D-0985A7534A9F}
		{05125064-B71B-40FA-90C8-2EF71A3544B1} = {DCC6A38E-CF54-4BEA-8C6D-0985A7534A9F}
		{CDACEAD4-C9C0-4730-966C-09425D33FC54} = {DCC6A38E-CF54-4BEA-8C6D-0985A7534A9F}
		{DCC6A38E-CF54-4BEA-8C6D-0985A7534A9F} = {93F97916-8CC8-470A-A36C-74992EA4C1DF}
		{9BCFDD60-1EAF-43B8-89EC-C9B07CAE8774} = {93F97916-8CC8-470A-A36C-74992EA4C1DF}
		{C1CA039E-4A94-46FE-AD61-0B0357C3FCA6} = {9BCFDD60-1EAF-43B8-89EC-C9B07CAE8774}
		{598E86F5-740C-44B2-9211-6010A3347D3C} = {9BCFDD60-1EAF-43B8-89EC-C9B07CAE8774}
		{1CBE7706-A6DE-432B-A5A4-5BC81B4792DA} = {9BCFDD60-1EAF-43B8-89EC-C9B07CAE8774}
		{B7790F2E-E333-45BD-AE03-EF383648DBF0} = {9BCFDD60-1EAF-43B8-89EC-C9B07CAE8774}
		{0AC066AF-188D-4858-BF66-5BE97CD5FA51} = {4BE4B82D-420B-4E18-8803-B49CB969D875}
		{21ED3783-B720-4E60-8233-BEFDCF069D85} = {C23BD19E-C05D-4AB5-9AA3-23D716D39A56}
		{381EF6B5-22E3-4648-926A-D42EBFC804CC} = {21ED3783-B720-4E60-8233-BEFDCF069D85}
		{B7827C1E-E343-46D0-8375-DE2451BB7EB7} = {BEA88CF1-3CF1-480F-85DE-41757978E672}
		{02250309-65A7-4045-9A5D-1263D5992EA0} = {BEA88CF1-3CF1-480F-85DE-41757978E672}
		{79D1B02D-A515-4AC9-BB35-13FA7FDC7D55} = {E0547192-04EB-4585-9AA3-C8285BDE9E24}
		{E0547192-04EB-4585-9AA3-C8285BDE9E24} = {8FD1FD61-8915-4BCD-A240-2383AB1F9E32}
		{061E1B95-3BC2-4DCA-ACC1-F20F697227BC} = {8FD1FD61-8915-4BCD-A240-2383AB1F9E32}
		{5A1D6388-2BBA-43E4-AD6E-E58FA77D6889} = {061E1B95-3BC2-4DCA-ACC1-F20F697227BC}
		{1C45D747-2562-4068-AC90-27401F0B513C} = {061E1B95-3BC2-4DCA-ACC1-F20F697227BC}
		{9AD1AF18-CEB2-40BD-9E0B-5F6D4700AEBB} = {061E1B95-3BC2-4DCA-ACC1-F20F697227BC}
		{8F2DB51C-DF2B-4E3D-BB15-FA5F0E97220F} = {8FD1FD61-8915-4BCD-A240-2383AB1F9E32}
		{1342DDDF-A94F-4038-ACAD-188A70C346EA} = {8F2DB51C-DF2B-4E3D-BB15-FA5F0E97220F}
		{E615572A-4614-4C40-95CE-D08ED9775516} = {8F2DB51C-DF2B-4E3D-BB15-FA5F0E97220F}
		{3BB21CD0-B3FB-47DB-8DA7-236007C80B30} = {8F2DB51C-DF2B-4E3D-BB15-FA5F0E97220F}
		{EECDDC55-8313-40F5-AACE-2E583674CE3E} = {8FD1FD61-8915-4BCD-A240-2383AB1F9E32}
		{C539D34D-F31F-49BC-897D-F3CA38A567AC} = {D56B6913-BCCC-4670-BB4A-EFE64D3A7299}
		{1CBE29C5-8F90-4F58-B09C-BFD686A3FA44} = {D56B6913-BCCC-4670-BB4A-EFE64D3A7299}
		{44A9283F-B250-400C-92B1-DE1551BD2B36} = {EECDDC55-8313-40F5-AACE-2E583674CE3E}
		{FA63C87D-810D-4295-B401-EE726CDFBAD1} = {EECDDC55-8313-40F5-AACE-2E583674CE3E}
		{D56B6913-BCCC-4670-BB4A-EFE64D3A7299} = {EECDDC55-8313-40F5-AACE-2E583674CE3E}
		{CEF84BB3-3AA7-4409-9407-BAB093CE6387} = {8FD1FD61-8915-4BCD-A240-2383AB1F9E32}
		{0B85DB06-EF83-424D-9C23-3849F4D639FA} = {CEF84BB3-3AA7-4409-9407-BAB093CE6387}
		{A2A16F69-35C6-495A-A877-0C0E0334F50F} = {0B85DB06-EF83-424D-9C23-3849F4D639FA}
		{3B36BF3C-65D7-4DF3-AE11-2677380EECE1} = {0B85DB06-EF83-424D-9C23-3849F4D639FA}
		{55258DDD-D5DC-467D-AE7A-E5BB18BC261C} = {CEF84BB3-3AA7-4409-9407-BAB093CE6387}
		{D340F873-6D29-44F2-BFC5-614A22017C5B} = {BEA88CF1-3CF1-480F-85DE-41757978E672}
		{688D6ACB-8869-4A7E-956B-53A1C0655075} = {C3ECAD17-6E5A-4D9C-92C7-511F5A078D19}
		{72E935FF-7DD5-4B23-963C-4D893D777468} = {688D6ACB-8869-4A7E-956B-53A1C0655075}
	EndGlobalSection
	GlobalSection(ExtensibilityGlobals) = postSolution
		SolutionGuid = {2612291B-6B99-482B-9E5C-F43B9A4AAB95}
	EndGlobalSection
EndGlobal
