
Microsoft Visual Studio Solution File, Format Version 12.00
# Visual Studio Version 17
VisualStudioVersion = 17.0.31903.59
MinimumVisualStudioVersion = 10.0.40219.1
Project("{9A19103F-16F7-4668-BE54-9A1E7A4F7556}") = "NoArchitecture", "src\NoArchitecture\NoArchitecture.csproj", "{BD8339FB-2870-4CB0-BDD2-099DC9D01163}"
EndProject
Project("{2150E333-8FDC-42A3-9474-1A3956D46DE8}") = "src", "src", "{B5FECE80-2539-42A0-9860-F2E0E0F53529}"
EndProject
Project("{9A19103F-16F7-4668-BE54-9A1E7A4F7556}") = "NLayer.Api", "src\NLayer\NLayer.Api\NLayer.Api.csproj", "{B057F3B1-665B-4EB8-A8D6-DD09456978DA}"
EndProject
Project("{2150E333-8FDC-42A3-9474-1A3956D46DE8}") = "NLayer", "NLayer", "{022D15CF-FA28-4A91-94EC-F937F8EFD014}"
EndProject
Project("{2150E333-8FDC-42A3-9474-1A3956D46DE8}") = "NoArch", "NoArch", "{700EEFD3-3A74-49C6-9D65-ED5D3E06823E}"
EndProject
Project("{9A19103F-16F7-4668-BE54-9A1E7A4F7556}") = "NLayer.Application", "src\NLayer\NLayer.Application\NLayer.Application.csproj", "{12CCBC18-7005-4405-9167-9A28804050A6}"
EndProject
Project("{9A19103F-16F7-4668-BE54-9A1E7A4F7556}") = "NLayer.DataAccess", "src\NLayer\NLayer.DataAccess\NLayer.DataAccess.csproj", "{9866752D-6920-4DAA-BB0C-FDE397DADCB7}"
EndProject
Project("{2150E333-8FDC-42A3-9474-1A3956D46DE8}") = "Hexagonal", "Hexagonal", "{AC35AB7E-4C9E-4A54-B9BE-DFFE93705D0F}"
EndProject
Project("{9A19103F-16F7-4668-BE54-9A1E7A4F7556}") = "Hexagonal.API", "src\Hexagonal\Hexagonal.API\Hexagonal.API.csproj", "{B080527A-0E87-4697-AFD2-ACAF503AF147}"
EndProject
Project("{9A19103F-16F7-4668-BE54-9A1E7A4F7556}") = "Hexagonal.Application", "src\Hexagonal\Hexagonal.Application\Hexagonal.Application.csproj", "{17DC2163-3F95-42E5-BC0B-64C0F901FA30}"
EndProject
Project("{9A19103F-16F7-4668-BE54-9A1E7A4F7556}") = "Hexagonal.DataAccess", "src\Hexagonal\Hexagonal.DataAccess\Hexagonal.DataAccess.csproj", "{42270C3A-167B-4B91-AB6B-1F1122067923}"
EndProject
Global
	GlobalSection(SolutionConfigurationPlatforms) = preSolution
		Debug|Any CPU = Debug|Any CPU
		Release|Any CPU = Release|Any CPU
	EndGlobalSection
	GlobalSection(ProjectConfigurationPlatforms) = postSolution
		{BD8339FB-2870-4CB0-BDD2-099DC9D01163}.Debug|Any CPU.ActiveCfg = Debug|Any CPU
		{BD8339FB-2870-4CB0-BDD2-099DC9D01163}.Debug|Any CPU.Build.0 = Debug|Any CPU
		{BD8339FB-2870-4CB0-BDD2-099DC9D01163}.Release|Any CPU.ActiveCfg = Release|Any CPU
		{BD8339FB-2870-4CB0-BDD2-099DC9D01163}.Release|Any CPU.Build.0 = Release|Any CPU
		{B057F3B1-665B-4EB8-A8D6-DD09456978DA}.Debug|Any CPU.ActiveCfg = Debug|Any CPU
		{B057F3B1-665B-4EB8-A8D6-DD09456978DA}.Debug|Any CPU.Build.0 = Debug|Any CPU
		{B057F3B1-665B-4EB8-A8D6-DD09456978DA}.Release|Any CPU.ActiveCfg = Release|Any CPU
		{B057F3B1-665B-4EB8-A8D6-DD09456978DA}.Release|Any CPU.Build.0 = Release|Any CPU
		{12CCBC18-7005-4405-9167-9A28804050A6}.Debug|Any CPU.ActiveCfg = Debug|Any CPU
		{12CCBC18-7005-4405-9167-9A28804050A6}.Debug|Any CPU.Build.0 = Debug|Any CPU
		{12CCBC18-7005-4405-9167-9A28804050A6}.Release|Any CPU.ActiveCfg = Release|Any CPU
		{12CCBC18-7005-4405-9167-9A28804050A6}.Release|Any CPU.Build.0 = Release|Any CPU
		{9866752D-6920-4DAA-BB0C-FDE397DADCB7}.Debug|Any CPU.ActiveCfg = Debug|Any CPU
		{9866752D-6920-4DAA-BB0C-FDE397DADCB7}.Debug|Any CPU.Build.0 = Debug|Any CPU
		{9866752D-6920-4DAA-BB0C-FDE397DADCB7}.Release|Any CPU.ActiveCfg = Release|Any CPU
		{9866752D-6920-4DAA-BB0C-FDE397DADCB7}.Release|Any CPU.Build.0 = Release|Any CPU
		{B080527A-0E87-4697-AFD2-ACAF503AF147}.Debug|Any CPU.ActiveCfg = Debug|Any CPU
		{B080527A-0E87-4697-AFD2-ACAF503AF147}.Debug|Any CPU.Build.0 = Debug|Any CPU
		{B080527A-0E87-4697-AFD2-ACAF503AF147}.Release|Any CPU.ActiveCfg = Release|Any CPU
		{B080527A-0E87-4697-AFD2-ACAF503AF147}.Release|Any CPU.Build.0 = Release|Any CPU
		{17DC2163-3F95-42E5-BC0B-64C0F901FA30}.Debug|Any CPU.ActiveCfg = Debug|Any CPU
		{17DC2163-3F95-42E5-BC0B-64C0F901FA30}.Debug|Any CPU.Build.0 = Debug|Any CPU
		{17DC2163-3F95-42E5-BC0B-64C0F901FA30}.Release|Any CPU.ActiveCfg = Release|Any CPU
		{17DC2163-3F95-42E5-BC0B-64C0F901FA30}.Release|Any CPU.Build.0 = Release|Any CPU
		{42270C3A-167B-4B91-AB6B-1F1122067923}.Debug|Any CPU.ActiveCfg = Debug|Any CPU
		{42270C3A-167B-4B91-AB6B-1F1122067923}.Debug|Any CPU.Build.0 = Debug|Any CPU
		{42270C3A-167B-4B91-AB6B-1F1122067923}.Release|Any CPU.ActiveCfg = Release|Any CPU
		{42270C3A-167B-4B91-AB6B-1F1122067923}.Release|Any CPU.Build.0 = Release|Any CPU
	EndGlobalSection
	GlobalSection(SolutionProperties) = preSolution
		HideSolutionNode = FALSE
	EndGlobalSection
	GlobalSection(NestedProjects) = preSolution
		{BD8339FB-2870-4CB0-BDD2-099DC9D01163} = {700EEFD3-3A74-49C6-9D65-ED5D3E06823E}
		{B057F3B1-665B-4EB8-A8D6-DD09456978DA} = {022D15CF-FA28-4A91-94EC-F937F8EFD014}
		{022D15CF-FA28-4A91-94EC-F937F8EFD014} = {B5FECE80-2539-42A0-9860-F2E0E0F53529}
		{700EEFD3-3A74-49C6-9D65-ED5D3E06823E} = {B5FECE80-2539-42A0-9860-F2E0E0F53529}
		{12CCBC18-7005-4405-9167-9A28804050A6} = {022D15CF-FA28-4A91-94EC-F937F8EFD014}
		{9866752D-6920-4DAA-BB0C-FDE397DADCB7} = {022D15CF-FA28-4A91-94EC-F937F8EFD014}
		{AC35AB7E-4C9E-4A54-B9BE-DFFE93705D0F} = {B5FECE80-2539-42A0-9860-F2E0E0F53529}
		{B080527A-0E87-4697-AFD2-ACAF503AF147} = {AC35AB7E-4C9E-4A54-B9BE-DFFE93705D0F}
		{17DC2163-3F95-42E5-BC0B-64C0F901FA30} = {AC35AB7E-4C9E-4A54-B9BE-DFFE93705D0F}
		{42270C3A-167B-4B91-AB6B-1F1122067923} = {AC35AB7E-4C9E-4A54-B9BE-DFFE93705D0F}
	EndGlobalSection
	GlobalSection(ExtensibilityGlobals) = postSolution
		SolutionGuid = {E6601952-A238-4850-B71D-0785FFB91FFF}
	EndGlobalSection
EndGlobal
